PODS:
  - Alamofire (3.1.3)
  - PureLayout (3.0.1)
  - SwiftGifOrigin (1.5.1)
  - SwiftyButton (0.2.0):
    - SwiftyButton/CustomContent (= 0.2.0)
  - SwiftyButton/CustomContent (0.2.0):
    - PureLayout (~> 3.0)
  - SwiftyJSON (2.3.2)
  - WYInteractiveTransitions (0.2.2)

DEPENDENCIES:
  - Alamofire (~> 3.0)
  - SwiftGifOrigin
  - SwiftyButton
  - SwiftyJSON (from `https://github.com/SwiftyJSON/SwiftyJSON.git`)
  - WYInteractiveTransitions

EXTERNAL SOURCES:
  SwiftyJSON:
    :git: https://github.com/SwiftyJSON/SwiftyJSON.git

CHECKOUT OPTIONS:
  SwiftyJSON:
    :commit: 8e618c8baf6323a5079c6549bb38d48357b31630
    :git: https://github.com/SwiftyJSON/SwiftyJSON.git

SPEC CHECKSUMS:
  Alamofire: 9f93b56389e48def9220dd57d1f44b1927229a5a
  PureLayout: f35f5384c9c4e4479df041dbe33ad7577b71ddfb
  SwiftGifOrigin: 2dd51f087f77b676e75bb572f521e06e9ced6c58
  SwiftyButton: 90da6f3ba7037eef779fdfc5ce8aace6d292162c
  SwiftyJSON: 04ccea08915aa0109039157c7974cf0298da292a
  WYInteractiveTransitions: ddf464521ca4534a9d47b74f29e6e0ff561c126d

COCOAPODS: 0.39.0
